
Microsoft Visual Studio Solution File, Format Version 12.00
# Visual Studio Version 17
VisualStudioVersion = 17.3.32901.215
MinimumVisualStudioVersion = 10.0.40219.1
Project("{FAE04EC0-301F-11D3-BF4B-00C04F79EFBC}") = "Digital clock", "Digital clock\Digital clock.csproj", "{985E2696-9905-4619-BBAE-C6E3B6611977}"
EndProject
Global
	GlobalSection(SolutionConfigurationPlatforms) = preSolution
		Debug|Any CPU = Debug|Any CPU
		Release|Any CPU = Release|Any CPU
	EndGlobalSection
	GlobalSection(ProjectConfigurationPlatforms) = postSolution
		{985E2696-9905-4619-BBAE-C6E3B6611977}.Debug|Any CPU.ActiveCfg = Debug|Any CPU
		{985E2696-9905-4619-BBAE-C6E3B6611977}.Debug|Any CPU.Build.0 = Debug|Any CPU
		{985E2696-9905-4619-BBAE-C6E3B6611977}.Release|Any CPU.ActiveCfg = Release|Any CPU
		{985E2696-9905-4619-BBAE-C6E3B6611977}.Release|Any CPU.Build.0 = Release|Any CPU
	EndGlobalSection
	GlobalSection(SolutionProperties) = preSolution
		HideSolutionNode = FALSE
	EndGlobalSection
	GlobalSection(ExtensibilityGlobals) = postSolution
		SolutionGuid = {1617EF15-A46A-44A4-B369-D2E9285307FB}
	EndGlobalSection
EndGlobal
